
Microsoft Visual Studio Solution File, Format Version 10.00
# Visual Studio 2008
Project("{FAE04EC0-301F-11D3-BF4B-00C04F79EFBC}") = "DatabaseDemo", "DatabaseDemo\DatabaseDemo.csproj", "{95A27037-FFA5-476E-863C-20CCABC8F59E}"
EndProject
Global
	GlobalSection(SolutionConfigurationPlatforms) = preSolution
		Debug|Any CPU = Debug|Any CPU
		Release|Any CPU = Release|Any CPU
	EndGlobalSection
	GlobalSection(ProjectConfigurationPlatforms) = postSolution
		{95A27037-FFA5-476E-863C-20CCABC8F59E}.Debug|Any CPU.ActiveCfg = Debug|Any CPU
		{95A27037-FFA5-476E-863C-20CCABC8F59E}.Debug|Any CPU.Build.0 = Debug|Any CPU
		{95A27037-FFA5-476E-863C-20CCABC8F59E}.Release|Any CPU.ActiveCfg = Release|Any CPU
		{95A27037-FFA5-476E-863C-20CCABC8F59E}.Release|Any CPU.Build.0 = Release|Any CPU
	EndGlobalSection
	GlobalSection(SolutionProperties) = preSolution
		HideSolutionNode = FALSE
	EndGlobalSection
EndGlobal
